
Microsoft Visual Studio Solution File, Format Version 11.00
# Visual Studio 2010
Project("{8BC9CEB8-8B4A-11D0-8D11-00A0C91BC942}") = "pcre_static", "pcre.vcxproj", "{36AA001F-7009-4677-8D5B-37D608FE01F4}"
EndProject
Project("{8BC9CEB8-8B4A-11D0-8D11-00A0C91BC942}") = "dftables", "dftables.vcxproj", "{760B4A9F-3FB5-46D4-90B5-19F21E7C024B}"
EndProject
Project("{8BC9CEB8-8B4A-11D0-8D11-00A0C91BC942}") = "pcre_dll", "pcre_dll.vcxproj", "{63A148F7-64C7-48DB-973B-6B5F3BB6A0AF}"
EndProject
Project("{8BC9CEB8-8B4A-11D0-8D11-00A0C91BC942}") = "pcretest", "pcretest.vcxproj", "{CDD13FE3-182C-4059-A962-09F394FD8912}"
	ProjectSection(ProjectDependencies) = postProject
		{63A148F7-64C7-48DB-973B-6B5F3BB6A0AF} = {63A148F7-64C7-48DB-973B-6B5F3BB6A0AF}
	EndProjectSection
EndProject
Global
	GlobalSection(SolutionConfigurationPlatforms) = preSolution
		Debug|Win32 = Debug|Win32
		Debug|x64 = Debug|x64
		Release|Win32 = Release|Win32
		Release|x64 = Release|x64
	EndGlobalSection
	GlobalSection(ProjectConfigurationPlatforms) = postSolution
		{36AA001F-7009-4677-8D5B-37D608FE01F4}.Debug|Win32.ActiveCfg = Debug|Win32
		{36AA001F-7009-4677-8D5B-37D608FE01F4}.Debug|Win32.Build.0 = Debug|Win32
		{36AA001F-7009-4677-8D5B-37D608FE01F4}.Debug|x64.ActiveCfg = Debug|x64
		{36AA001F-7009-4677-8D5B-37D608FE01F4}.Debug|x64.Build.0 = Debug|x64
		{36AA001F-7009-4677-8D5B-37D608FE01F4}.Release|Win32.ActiveCfg = Release|Win32
		{36AA001F-7009-4677-8D5B-37D608FE01F4}.Release|Win32.Build.0 = Release|Win32
		{36AA001F-7009-4677-8D5B-37D608FE01F4}.Release|x64.ActiveCfg = Release|x64
		{36AA001F-7009-4677-8D5B-37D608FE01F4}.Release|x64.Build.0 = Release|x64
		{760B4A9F-3FB5-46D4-90B5-19F21E7C024B}.Debug|Win32.ActiveCfg = Debug|Win32
		{760B4A9F-3FB5-46D4-90B5-19F21E7C024B}.Debug|Win32.Build.0 = Debug|Win32
		{760B4A9F-3FB5-46D4-90B5-19F21E7C024B}.Debug|x64.ActiveCfg = Debug|x64
		{760B4A9F-3FB5-46D4-90B5-19F21E7C024B}.Debug|x64.Build.0 = Debug|x64
		{760B4A9F-3FB5-46D4-90B5-19F21E7C024B}.Release|Win32.ActiveCfg = Release|Win32
		{760B4A9F-3FB5-46D4-90B5-19F21E7C024B}.Release|Win32.Build.0 = Release|Win32
		{760B4A9F-3FB5-46D4-90B5-19F21E7C024B}.Release|x64.ActiveCfg = Release|x64
		{760B4A9F-3FB5-46D4-90B5-19F21E7C024B}.Release|x64.Build.0 = Release|x64
		{63A148F7-64C7-48DB-973B-6B5F3BB6A0AF}.Debug|Win32.ActiveCfg = Debug|Win32
		{63A148F7-64C7-48DB-973B-6B5F3BB6A0AF}.Debug|Win32.Build.0 = Debug|Win32
		{63A148F7-64C7-48DB-973B-6B5F3BB6A0AF}.Debug|x64.ActiveCfg = Debug|x64
		{63A148F7-64C7-48DB-973B-6B5F3BB6A0AF}.Debug|x64.Build.0 = Debug|x64
		{63A148F7-64C7-48DB-973B-6B5F3BB6A0AF}.Release|Win32.ActiveCfg = Release|Win32
		{63A148F7-64C7-48DB-973B-6B5F3BB6A0AF}.Release|Win32.Build.0 = Release|Win32
		{63A148F7-64C7-48DB-973B-6B5F3BB6A0AF}.Release|x64.ActiveCfg = Release|x64
		{63A148F7-64C7-48DB-973B-6B5F3BB6A0AF}.Release|x64.Build.0 = Release|x64
		{CDD13FE3-182C-4059-A962-09F394FD8912}.Debug|Win32.ActiveCfg = Debug|Win32
		{CDD13FE3-182C-4059-A962-09F394FD8912}.Debug|Win32.Build.0 = Debug|Win32
		{CDD13FE3-182C-4059-A962-09F394FD8912}.Debug|x64.ActiveCfg = Debug|x64
		{CDD13FE3-182C-4059-A962-09F394FD8912}.Debug|x64.Build.0 = Debug|x64
		{CDD13FE3-182C-4059-A962-09F394FD8912}.Release|Win32.ActiveCfg = Release|Win32
		{CDD13FE3-182C-4059-A962-09F394FD8912}.Release|Win32.Build.0 = Release|Win32
		{CDD13FE3-182C-4059-A962-09F394FD8912}.Release|x64.ActiveCfg = Release|x64
		{CDD13FE3-182C-4059-A962-09F394FD8912}.Release|x64.Build.0 = Release|x64
	EndGlobalSection
	GlobalSection(SolutionProperties) = preSolution
		HideSolutionNode = FALSE
	EndGlobalSection
EndGlobal
